{
  "version": 4,
  "terraform_version": "1.13.2",
  "serial": 48,
  "lineage": "532e5a91-04c2-e80a-932e-abb74b1b507b",
  "outputs": {
    "app1_url": {
      "value": "http://localhost:5001",
      "type": "string"
    },
    "app2_url": {
      "value": "http://localhost:5002",
      "type": "string"
    },
    "app3_url": {
      "value": "http://localhost:5003",
      "type": "string"
    },
    "grafana_url": {
      "value": "http://localhost:5000",
      "type": "string"
    },
    "nginx_url": {
      "value": "http://localhost:3000",
      "type": "string"
    }
  },
  "resources": [
    {
      "mode": "managed",
      "type": "docker_container",
      "name": "app1",
      "provider": "provider[\"registry.terraform.io/kreuzwerker/docker\"]",
      "instances": [
        {
          "schema_version": 2,
          "attributes": {
            "attach": false,
            "bridge": "",
            "capabilities": [],
            "cgroup_parent": null,
            "cgroupns_mode": null,
            "command": [
              "node",
              "app.js"
            ],
            "container_logs": null,
            "container_read_refresh_timeout_milliseconds": 15000,
            "cpu_period": null,
            "cpu_quota": null,
            "cpu_set": "",
            "cpu_shares": 0,
            "cpus": null,
            "destroy_grace_seconds": null,
            "devices": [],
            "dns": null,
            "dns_opts": null,
            "dns_search": null,
            "domainname": "",
            "entrypoint": [
              "docker-entrypoint.sh"
            ],
            "env": [
              "HOST=0.0.0.0",
              "PGDATABASE=devdb",
              "PGHOST=postgres-dev",
              "PGPASSWORD=devpass",
              "PGPORT=5432",
              "PGUSER=devuser",
              "PORT=3000",
              "REDIS_URL=redis://redis-dev:6379"
            ],
            "exit_code": null,
            "gpus": null,
            "group_add": null,
            "healthcheck": null,
            "host": [],
            "hostname": "89806807db2f",
            "id": "89806807db2f357fe60a36384682c7fb9d1da5122e162b1bcc7c8c13071478b0",
            "image": "app1-dev",
            "init": false,
            "ipc_mode": "private",
            "labels": [],
            "log_driver": "json-file",
            "log_opts": null,
            "logs": false,
            "max_retry_count": 0,
            "memory": 0,
            "memory_swap": 0,
            "mounts": [],
            "must_run": true,
            "name": "app1-dev",
            "network_data": [
              {
                "gateway": "172.19.0.1",
                "global_ipv6_address": "",
                "global_ipv6_prefix_length": 0,
                "ip_address": "172.19.0.5",
                "ip_prefix_length": 16,
                "ipv6_gateway": "",
                "mac_address": "82:0b:46:f4:9e:3a",
                "network_name": "app_net"
              },
              {
                "gateway": "172.20.0.1",
                "global_ipv6_address": "",
                "global_ipv6_prefix_length": 0,
                "ip_address": "172.20.0.4",
                "ip_prefix_length": 16,
                "ipv6_gateway": "",
                "mac_address": "1a:b5:64:58:ae:fc",
                "network_name": "persistence_net"
              }
            ],
            "network_mode": "bridge",
            "networks_advanced": [
              {
                "aliases": [],
                "ipv4_address": "",
                "ipv6_address": "",
                "name": "app_net"
              },
              {
                "aliases": [],
                "ipv4_address": "",
                "ipv6_address": "",
                "name": "persistence_net"
              }
            ],
            "pid_mode": "",
            "ports": [
              {
                "external": 5001,
                "internal": 3000,
                "ip": "0.0.0.0",
                "protocol": "tcp"
              }
            ],
            "privileged": false,
            "publish_all_ports": false,
            "read_only": false,
            "remove_volumes": true,
            "restart": "no",
            "rm": false,
            "runtime": "runc",
            "security_opts": [],
            "shm_size": 64,
            "start": true,
            "stdin_open": false,
            "stop_signal": "",
            "stop_timeout": 0,
            "storage_opts": null,
            "sysctls": null,
            "tmpfs": null,
            "tty": false,
            "ulimit": [],
            "upload": [],
            "user": "",
            "userns_mode": "",
            "volumes": [],
            "wait": false,
            "wait_timeout": 60,
            "working_dir": "/usr/src/app"
          },
          "sensitive_attributes": [],
          "identity_schema_version": 0,
          "private": "eyJzY2hlbWFfdmVyc2lvbiI6IjIifQ==",
          "dependencies": [
            "docker_container.postgres",
            "docker_container.redis",
            "docker_image.app1",
            "docker_network.app_net",
            "docker_network.persistence_net",
            "docker_volume.pg_data",
            "docker_volume.redis_data"
          ]
        }
      ]
    },
    {
      "mode": "managed",
      "type": "docker_container",
      "name": "app2",
      "provider": "provider[\"registry.terraform.io/kreuzwerker/docker\"]",
      "instances": [
        {
          "schema_version": 2,
          "attributes": {
            "attach": false,
            "bridge": "",
            "capabilities": [],
            "cgroup_parent": null,
            "cgroupns_mode": null,
            "command": [
              "node",
              "app.js"
            ],
            "container_logs": null,
            "container_read_refresh_timeout_milliseconds": 15000,
            "cpu_period": null,
            "cpu_quota": null,
            "cpu_set": "",
            "cpu_shares": 0,
            "cpus": null,
            "destroy_grace_seconds": null,
            "devices": [],
            "dns": null,
            "dns_opts": null,
            "dns_search": null,
            "domainname": "",
            "entrypoint": [
              "docker-entrypoint.sh"
            ],
            "env": [
              "HOST=0.0.0.0",
              "PGDATABASE=devdb",
              "PGHOST=postgres-dev",
              "PGPASSWORD=devpass",
              "PGPORT=5432",
              "PGUSER=devuser",
              "PORT=3000",
              "REDIS_URL=redis://redis-dev:6379"
            ],
            "exit_code": null,
            "gpus": null,
            "group_add": null,
            "healthcheck": null,
            "host": [],
            "hostname": "220090ee404b",
            "id": "220090ee404b4c6028ee655b0ca24f36eca1486042b7e11e21cc0ce9ffeb0b40",
            "image": "app2-dev",
            "init": false,
            "ipc_mode": "private",
            "labels": [],
            "log_driver": "json-file",
            "log_opts": null,
            "logs": false,
            "max_retry_count": 0,
            "memory": 0,
            "memory_swap": 0,
            "mounts": [],
            "must_run": true,
            "name": "app2-dev",
            "network_data": [
              {
                "gateway": "172.19.0.1",
                "global_ipv6_address": "",
                "global_ipv6_prefix_length": 0,
                "ip_address": "172.19.0.4",
                "ip_prefix_length": 16,
                "ipv6_gateway": "",
                "mac_address": "ee:07:20:d0:f5:8c",
                "network_name": "app_net"
              },
              {
                "gateway": "172.20.0.1",
                "global_ipv6_address": "",
                "global_ipv6_prefix_length": 0,
                "ip_address": "172.20.0.6",
                "ip_prefix_length": 16,
                "ipv6_gateway": "",
                "mac_address": "9e:1d:93:ed:ac:38",
                "network_name": "persistence_net"
              }
            ],
            "network_mode": "bridge",
            "networks_advanced": [
              {
                "aliases": [],
                "ipv4_address": "",
                "ipv6_address": "",
                "name": "app_net"
              },
              {
                "aliases": [],
                "ipv4_address": "",
                "ipv6_address": "",
                "name": "persistence_net"
              }
            ],
            "pid_mode": "",
            "ports": [
              {
                "external": 5002,
                "internal": 3000,
                "ip": "0.0.0.0",
                "protocol": "tcp"
              }
            ],
            "privileged": false,
            "publish_all_ports": false,
            "read_only": false,
            "remove_volumes": true,
            "restart": "no",
            "rm": false,
            "runtime": "runc",
            "security_opts": [],
            "shm_size": 64,
            "start": true,
            "stdin_open": false,
            "stop_signal": "",
            "stop_timeout": 0,
            "storage_opts": null,
            "sysctls": null,
            "tmpfs": null,
            "tty": false,
            "ulimit": [],
            "upload": [],
            "user": "",
            "userns_mode": "",
            "volumes": [],
            "wait": false,
            "wait_timeout": 60,
            "working_dir": "/usr/src/app"
          },
          "sensitive_attributes": [],
          "identity_schema_version": 0,
          "private": "eyJzY2hlbWFfdmVyc2lvbiI6IjIifQ==",
          "dependencies": [
            "docker_container.postgres",
            "docker_container.redis",
            "docker_image.app2",
            "docker_network.app_net",
            "docker_network.persistence_net",
            "docker_volume.pg_data",
            "docker_volume.redis_data"
          ]
        }
      ]
    },
    {
      "mode": "managed",
      "type": "docker_container",
      "name": "app3",
      "provider": "provider[\"registry.terraform.io/kreuzwerker/docker\"]",
      "instances": [
        {
          "schema_version": 2,
          "attributes": {
            "attach": false,
            "bridge": "",
            "capabilities": [],
            "cgroup_parent": null,
            "cgroupns_mode": null,
            "command": [
              "node",
              "app.js"
            ],
            "container_logs": null,
            "container_read_refresh_timeout_milliseconds": 15000,
            "cpu_period": null,
            "cpu_quota": null,
            "cpu_set": "",
            "cpu_shares": 0,
            "cpus": null,
            "destroy_grace_seconds": null,
            "devices": [],
            "dns": null,
            "dns_opts": null,
            "dns_search": null,
            "domainname": "",
            "entrypoint": [
              "docker-entrypoint.sh"
            ],
            "env": [
              "HOST=0.0.0.0",
              "PGDATABASE=devdb",
              "PGHOST=postgres-dev",
              "PGPASSWORD=devpass",
              "PGPORT=5432",
              "PGUSER=devuser",
              "PORT=3000",
              "REDIS_URL=redis://redis-dev:6379"
            ],
            "exit_code": null,
            "gpus": null,
            "group_add": null,
            "healthcheck": null,
            "host": [],
            "hostname": "8b4f90ec14e5",
            "id": "8b4f90ec14e51e94435bf91b9dd3e921605689ac5c9624d0dc69b357c0f1510b",
            "image": "app3-dev",
            "init": false,
            "ipc_mode": "private",
            "labels": [],
            "log_driver": "json-file",
            "log_opts": null,
            "logs": false,
            "max_retry_count": 0,
            "memory": 0,
            "memory_swap": 0,
            "mounts": [],
            "must_run": true,
            "name": "app3-dev",
            "network_data": [
              {
                "gateway": "172.19.0.1",
                "global_ipv6_address": "",
                "global_ipv6_prefix_length": 0,
                "ip_address": "172.19.0.3",
                "ip_prefix_length": 16,
                "ipv6_gateway": "",
                "mac_address": "ea:0e:71:81:48:bb",
                "network_name": "app_net"
              },
              {
                "gateway": "172.20.0.1",
                "global_ipv6_address": "",
                "global_ipv6_prefix_length": 0,
                "ip_address": "172.20.0.5",
                "ip_prefix_length": 16,
                "ipv6_gateway": "",
                "mac_address": "0a:1e:50:5b:0a:2f",
                "network_name": "persistence_net"
              }
            ],
            "network_mode": "bridge",
            "networks_advanced": [
              {
                "aliases": [],
                "ipv4_address": "",
                "ipv6_address": "",
                "name": "app_net"
              },
              {
                "aliases": [],
                "ipv4_address": "",
                "ipv6_address": "",
                "name": "persistence_net"
              }
            ],
            "pid_mode": "",
            "ports": [
              {
                "external": 5003,
                "internal": 3000,
                "ip": "0.0.0.0",
                "protocol": "tcp"
              }
            ],
            "privileged": false,
            "publish_all_ports": false,
            "read_only": false,
            "remove_volumes": true,
            "restart": "no",
            "rm": false,
            "runtime": "runc",
            "security_opts": [],
            "shm_size": 64,
            "start": true,
            "stdin_open": false,
            "stop_signal": "",
            "stop_timeout": 0,
            "storage_opts": null,
            "sysctls": null,
            "tmpfs": null,
            "tty": false,
            "ulimit": [],
            "upload": [],
            "user": "",
            "userns_mode": "",
            "volumes": [],
            "wait": false,
            "wait_timeout": 60,
            "working_dir": "/usr/src/app"
          },
          "sensitive_attributes": [],
          "identity_schema_version": 0,
          "private": "eyJzY2hlbWFfdmVyc2lvbiI6IjIifQ==",
          "dependencies": [
            "docker_container.postgres",
            "docker_container.redis",
            "docker_image.app3",
            "docker_network.app_net",
            "docker_network.persistence_net",
            "docker_volume.pg_data",
            "docker_volume.redis_data"
          ]
        }
      ]
    },
    {
      "mode": "managed",
      "type": "docker_container",
      "name": "grafana",
      "provider": "provider[\"registry.terraform.io/kreuzwerker/docker\"]",
      "instances": [
        {
          "schema_version": 2,
          "attributes": {
            "attach": false,
            "bridge": "",
            "capabilities": [],
            "cgroup_parent": null,
            "cgroupns_mode": null,
            "command": [],
            "container_logs": null,
            "container_read_refresh_timeout_milliseconds": 15000,
            "cpu_period": null,
            "cpu_quota": null,
            "cpu_set": "",
            "cpu_shares": 0,
            "cpus": null,
            "destroy_grace_seconds": null,
            "devices": [],
            "dns": null,
            "dns_opts": null,
            "dns_search": null,
            "domainname": "",
            "entrypoint": [
              "/run.sh"
            ],
            "env": [],
            "exit_code": null,
            "gpus": null,
            "group_add": null,
            "healthcheck": null,
            "host": [],
            "hostname": "b28503fe5af2",
            "id": "b28503fe5af2d36be5e1cfbbf4bb125dfdb647e3780567a61e0332d8aebeb0a1",
            "image": "grafana/grafana-oss:11.2.0",
            "init": false,
            "ipc_mode": "private",
            "labels": [],
            "log_driver": "json-file",
            "log_opts": null,
            "logs": false,
            "max_retry_count": 0,
            "memory": 0,
            "memory_swap": 0,
            "mounts": [],
            "must_run": true,
            "name": "grafana-dev",
            "network_data": [
              {
                "gateway": "172.19.0.1",
                "global_ipv6_address": "",
                "global_ipv6_prefix_length": 0,
                "ip_address": "172.19.0.2",
                "ip_prefix_length": 16,
                "ipv6_gateway": "",
                "mac_address": "7a:d9:68:9b:dc:13",
                "network_name": "app_net"
              },
              {
                "gateway": "172.21.0.1",
                "global_ipv6_address": "",
                "global_ipv6_prefix_length": 0,
                "ip_address": "172.21.0.2",
                "ip_prefix_length": 16,
                "ipv6_gateway": "",
                "mac_address": "f2:83:33:94:75:2a",
                "network_name": "monitor_net"
              }
            ],
            "network_mode": "bridge",
            "networks_advanced": [
              {
                "aliases": [],
                "ipv4_address": "",
                "ipv6_address": "",
                "name": "app_net"
              },
              {
                "aliases": [],
                "ipv4_address": "",
                "ipv6_address": "",
                "name": "monitor_net"
              }
            ],
            "pid_mode": "",
            "ports": [
              {
                "external": 5000,
                "internal": 3000,
                "ip": "0.0.0.0",
                "protocol": "tcp"
              }
            ],
            "privileged": false,
            "publish_all_ports": false,
            "read_only": false,
            "remove_volumes": true,
            "restart": "no",
            "rm": false,
            "runtime": "runc",
            "security_opts": [],
            "shm_size": 64,
            "start": true,
            "stdin_open": false,
            "stop_signal": "",
            "stop_timeout": 0,
            "storage_opts": null,
            "sysctls": null,
            "tmpfs": null,
            "tty": false,
            "ulimit": [],
            "upload": [],
            "user": "472",
            "userns_mode": "",
            "volumes": [],
            "wait": false,
            "wait_timeout": 60,
            "working_dir": "/usr/share/grafana"
          },
          "sensitive_attributes": [],
          "identity_schema_version": 0,
          "private": "eyJzY2hlbWFfdmVyc2lvbiI6IjIifQ==",
          "dependencies": [
            "docker_network.app_net",
            "docker_network.monitor_net"
          ]
        }
      ]
    },
    {
      "mode": "managed",
      "type": "docker_container",
      "name": "nginx",
      "provider": "provider[\"registry.terraform.io/kreuzwerker/docker\"]",
      "instances": [
        {
          "schema_version": 2,
          "attributes": {
            "attach": false,
            "bridge": "",
            "capabilities": [],
            "cgroup_parent": null,
            "cgroupns_mode": null,
            "command": [
              "nginx",
              "-g",
              "daemon off;"
            ],
            "container_logs": null,
            "container_read_refresh_timeout_milliseconds": 15000,
            "cpu_period": null,
            "cpu_quota": null,
            "cpu_set": "",
            "cpu_shares": 0,
            "cpus": null,
            "destroy_grace_seconds": null,
            "devices": [],
            "dns": null,
            "dns_opts": null,
            "dns_search": null,
            "domainname": "",
            "entrypoint": [
              "/docker-entrypoint.sh"
            ],
            "env": [],
            "exit_code": null,
            "gpus": null,
            "group_add": null,
            "healthcheck": null,
            "host": [],
            "hostname": "02d24e27e01a",
            "id": "02d24e27e01a22ee4ea1fefb4abee9d9d85751bf669ad32aefd7ebab77f51abb",
            "image": "nginx:stable-perl",
            "init": false,
            "ipc_mode": "private",
            "labels": [],
            "log_driver": "json-file",
            "log_opts": null,
            "logs": false,
            "max_retry_count": 0,
            "memory": 0,
            "memory_swap": 0,
            "mounts": [],
            "must_run": true,
            "name": "nginx-dev",
            "network_data": [
              {
                "gateway": "172.17.0.1",
                "global_ipv6_address": "",
                "global_ipv6_prefix_length": 0,
                "ip_address": "172.17.0.6",
                "ip_prefix_length": 16,
                "ipv6_gateway": "",
                "mac_address": "7a:bb:e1:f2:5c:42",
                "network_name": "bridge"
              }
            ],
            "network_mode": "bridge",
            "networks_advanced": [],
            "pid_mode": "",
            "ports": [
              {
                "external": 3000,
                "internal": 80,
                "ip": "0.0.0.0",
                "protocol": "tcp"
              }
            ],
            "privileged": false,
            "publish_all_ports": false,
            "read_only": false,
            "remove_volumes": true,
            "restart": "no",
            "rm": false,
            "runtime": "runc",
            "security_opts": [],
            "shm_size": 64,
            "start": true,
            "stdin_open": false,
            "stop_signal": "SIGQUIT",
            "stop_timeout": 0,
            "storage_opts": null,
            "sysctls": null,
            "tmpfs": null,
            "tty": false,
            "ulimit": [],
            "upload": [],
            "user": "",
            "userns_mode": "",
            "volumes": [],
            "wait": false,
            "wait_timeout": 60,
            "working_dir": ""
          },
          "sensitive_attributes": [],
          "identity_schema_version": 0,
          "private": "eyJzY2hlbWFfdmVyc2lvbiI6IjIifQ=="
        }
      ]
    },
    {
      "mode": "managed",
      "type": "docker_container",
      "name": "postgres",
      "provider": "provider[\"registry.terraform.io/kreuzwerker/docker\"]",
      "instances": [
        {
          "schema_version": 2,
          "attributes": {
            "attach": false,
            "bridge": "",
            "capabilities": [],
            "cgroup_parent": null,
            "cgroupns_mode": null,
            "command": [
              "postgres"
            ],
            "container_logs": null,
            "container_read_refresh_timeout_milliseconds": 15000,
            "cpu_period": null,
            "cpu_quota": null,
            "cpu_set": "",
            "cpu_shares": 0,
            "cpus": null,
            "destroy_grace_seconds": null,
            "devices": [],
            "dns": null,
            "dns_opts": null,
            "dns_search": null,
            "domainname": "",
            "entrypoint": [
              "docker-entrypoint.sh"
            ],
            "env": [
              "POSTGRES_DB=devdb",
              "POSTGRES_PASSWORD=devpass",
              "POSTGRES_USER=devuser"
            ],
            "exit_code": null,
            "gpus": null,
            "group_add": null,
            "healthcheck": null,
            "host": [],
            "hostname": "c7700f426a18",
            "id": "c7700f426a18165fa10c30b7079c71b4fd6124f9cde46bcf4e426c3278a7ecbd",
            "image": "postgres:bookworm",
            "init": false,
            "ipc_mode": "private",
            "labels": [],
            "log_driver": "json-file",
            "log_opts": null,
            "logs": false,
            "max_retry_count": 0,
            "memory": 0,
            "memory_swap": 0,
            "mounts": [
              {
                "bind_options": [],
                "read_only": null,
                "source": "pg_data_dev",
                "target": "/var/lib/postgresql/data",
                "tmpfs_options": [],
                "type": "volume",
                "volume_options": []
              }
            ],
            "must_run": true,
            "name": "postgres-dev",
            "network_data": [
              {
                "gateway": "172.20.0.1",
                "global_ipv6_address": "",
                "global_ipv6_prefix_length": 0,
                "ip_address": "172.20.0.3",
                "ip_prefix_length": 16,
                "ipv6_gateway": "",
                "mac_address": "be:79:d5:5b:a1:e7",
                "network_name": "persistence_net"
              }
            ],
            "network_mode": "bridge",
            "networks_advanced": [
              {
                "aliases": [],
                "ipv4_address": "",
                "ipv6_address": "",
                "name": "persistence_net"
              }
            ],
            "pid_mode": "",
            "ports": [],
            "privileged": false,
            "publish_all_ports": false,
            "read_only": false,
            "remove_volumes": true,
            "restart": "no",
            "rm": false,
            "runtime": "runc",
            "security_opts": [],
            "shm_size": 64,
            "start": true,
            "stdin_open": false,
            "stop_signal": "SIGINT",
            "stop_timeout": 0,
            "storage_opts": null,
            "sysctls": null,
            "tmpfs": null,
            "tty": false,
            "ulimit": [],
            "upload": [],
            "user": "",
            "userns_mode": "",
            "volumes": [],
            "wait": false,
            "wait_timeout": 60,
            "working_dir": ""
          },
          "sensitive_attributes": [],
          "identity_schema_version": 0,
          "private": "eyJzY2hlbWFfdmVyc2lvbiI6IjIifQ==",
          "dependencies": [
            "docker_network.persistence_net",
            "docker_volume.pg_data"
          ]
        }
      ]
    },
    {
      "mode": "managed",
      "type": "docker_container",
      "name": "redis",
      "provider": "provider[\"registry.terraform.io/kreuzwerker/docker\"]",
      "instances": [
        {
          "schema_version": 2,
          "attributes": {
            "attach": false,
            "bridge": "",
            "capabilities": [],
            "cgroup_parent": null,
            "cgroupns_mode": null,
            "command": [
              "redis-server"
            ],
            "container_logs": null,
            "container_read_refresh_timeout_milliseconds": 15000,
            "cpu_period": null,
            "cpu_quota": null,
            "cpu_set": "",
            "cpu_shares": 0,
            "cpus": null,
            "destroy_grace_seconds": null,
            "devices": [],
            "dns": null,
            "dns_opts": null,
            "dns_search": null,
            "domainname": "",
            "entrypoint": [
              "docker-entrypoint.sh"
            ],
            "env": [],
            "exit_code": null,
            "gpus": null,
            "group_add": null,
            "healthcheck": null,
            "host": [],
            "hostname": "eebce9f0a05f",
            "id": "eebce9f0a05fa7d71eeed6b4b542daf03aa91f131ea32aa1f673d526d63fec98",
            "image": "redis:bookworm",
            "init": false,
            "ipc_mode": "private",
            "labels": [],
            "log_driver": "json-file",
            "log_opts": null,
            "logs": false,
            "max_retry_count": 0,
            "memory": 0,
            "memory_swap": 0,
            "mounts": [
              {
                "bind_options": [],
                "read_only": null,
                "source": "redis_data_dev",
                "target": "/data",
                "tmpfs_options": [],
                "type": "volume",
                "volume_options": []
              }
            ],
            "must_run": true,
            "name": "redis-dev",
            "network_data": [
              {
                "gateway": "172.20.0.1",
                "global_ipv6_address": "",
                "global_ipv6_prefix_length": 0,
                "ip_address": "172.20.0.2",
                "ip_prefix_length": 16,
                "ipv6_gateway": "",
                "mac_address": "be:d1:75:f7:6f:7e",
                "network_name": "persistence_net"
              }
            ],
            "network_mode": "bridge",
            "networks_advanced": [
              {
                "aliases": [],
                "ipv4_address": "",
                "ipv6_address": "",
                "name": "persistence_net"
              }
            ],
            "pid_mode": "",
            "ports": [],
            "privileged": false,
            "publish_all_ports": false,
            "read_only": false,
            "remove_volumes": true,
            "restart": "no",
            "rm": false,
            "runtime": "runc",
            "security_opts": [],
            "shm_size": 64,
            "start": true,
            "stdin_open": false,
            "stop_signal": "",
            "stop_timeout": 0,
            "storage_opts": null,
            "sysctls": null,
            "tmpfs": null,
            "tty": false,
            "ulimit": [],
            "upload": [],
            "user": "",
            "userns_mode": "",
            "volumes": [],
            "wait": false,
            "wait_timeout": 60,
            "working_dir": "/data"
          },
          "sensitive_attributes": [],
          "identity_schema_version": 0,
          "private": "eyJzY2hlbWFfdmVyc2lvbiI6IjIifQ==",
          "dependencies": [
            "docker_network.persistence_net",
            "docker_volume.redis_data"
          ]
        }
      ]
    },
    {
      "mode": "managed",
      "type": "docker_image",
      "name": "app1",
      "provider": "provider[\"registry.terraform.io/kreuzwerker/docker\"]",
      "instances": [
        {
          "schema_version": 0,
          "attributes": {
            "build": [
              {
                "auth_config": [],
                "build_args": null,
                "build_id": "",
                "build_log_file": "",
                "builder": "",
                "cache_from": [],
                "cgroup_parent": "",
                "context": "C:/Users/USUARIO/Desktop/INFRACODE/LAB02/apps/app1",
                "cpu_period": null,
                "cpu_quota": null,
                "cpu_set_cpus": "",
                "cpu_set_mems": "",
                "cpu_shares": null,
                "dockerfile": "Dockerfile",
                "extra_hosts": [],
                "force_remove": null,
                "isolation": "",
                "label": null,
                "labels": null,
                "memory": null,
                "memory_swap": null,
                "network_mode": "",
                "no_cache": null,
                "platform": "",
                "pull_parent": null,
                "remote_context": "",
                "remove": true,
                "secrets": [],
                "security_opt": [],
                "session_id": "",
                "shm_size": null,
                "squash": null,
                "suppress_output": null,
                "tag": [],
                "target": "",
                "ulimit": [],
                "version": ""
              }
            ],
            "force_remove": null,
            "id": "sha256:67e9f9a1396835ec7e52b4ff346639cf7b0af330c8ffd1f2ab7380ae9a43d0ceapp1-dev",
            "image_id": "sha256:67e9f9a1396835ec7e52b4ff346639cf7b0af330c8ffd1f2ab7380ae9a43d0ce",
            "keep_locally": null,
            "name": "app1-dev",
            "platform": null,
            "pull_triggers": null,
            "repo_digest": "app1-dev@sha256:67e9f9a1396835ec7e52b4ff346639cf7b0af330c8ffd1f2ab7380ae9a43d0ce",
            "timeouts": null,
            "triggers": null
          },
          "sensitive_attributes": [],
          "identity_schema_version": 0,
          "private": "eyJlMmJmYjczMC1lY2FhLTExZTYtOGY4OC0zNDM2M2JjN2M0YzAiOnsiY3JlYXRlIjoxMjAwMDAwMDAwMDAwLCJkZWxldGUiOjEyMDAwMDAwMDAwMDAsInVwZGF0ZSI6MTIwMDAwMDAwMDAwMH19"
        }
      ]
    },
    {
      "mode": "managed",
      "type": "docker_image",
      "name": "app2",
      "provider": "provider[\"registry.terraform.io/kreuzwerker/docker\"]",
      "instances": [
        {
          "schema_version": 0,
          "attributes": {
            "build": [
              {
                "auth_config": [],
                "build_args": null,
                "build_id": "",
                "build_log_file": "",
                "builder": "",
                "cache_from": [],
                "cgroup_parent": "",
                "context": "C:/Users/USUARIO/Desktop/INFRACODE/LAB02/apps/app2",
                "cpu_period": null,
                "cpu_quota": null,
                "cpu_set_cpus": "",
                "cpu_set_mems": "",
                "cpu_shares": null,
                "dockerfile": "Dockerfile",
                "extra_hosts": [],
                "force_remove": null,
                "isolation": "",
                "label": null,
                "labels": null,
                "memory": null,
                "memory_swap": null,
                "network_mode": "",
                "no_cache": null,
                "platform": "",
                "pull_parent": null,
                "remote_context": "",
                "remove": true,
                "secrets": [],
                "security_opt": [],
                "session_id": "",
                "shm_size": null,
                "squash": null,
                "suppress_output": null,
                "tag": [],
                "target": "",
                "ulimit": [],
                "version": ""
              }
            ],
            "force_remove": null,
            "id": "sha256:85eacd67ba5cb558cf815c2c6213eeace7dd6ac86a527b865f38fe5a4d927be3app2-dev",
            "image_id": "sha256:85eacd67ba5cb558cf815c2c6213eeace7dd6ac86a527b865f38fe5a4d927be3",
            "keep_locally": null,
            "name": "app2-dev",
            "platform": null,
            "pull_triggers": null,
            "repo_digest": "app2-dev@sha256:85eacd67ba5cb558cf815c2c6213eeace7dd6ac86a527b865f38fe5a4d927be3",
            "timeouts": null,
            "triggers": null
          },
          "sensitive_attributes": [],
          "identity_schema_version": 0,
          "private": "eyJlMmJmYjczMC1lY2FhLTExZTYtOGY4OC0zNDM2M2JjN2M0YzAiOnsiY3JlYXRlIjoxMjAwMDAwMDAwMDAwLCJkZWxldGUiOjEyMDAwMDAwMDAwMDAsInVwZGF0ZSI6MTIwMDAwMDAwMDAwMH19"
        }
      ]
    },
    {
      "mode": "managed",
      "type": "docker_image",
      "name": "app3",
      "provider": "provider[\"registry.terraform.io/kreuzwerker/docker\"]",
      "instances": [
        {
          "schema_version": 0,
          "attributes": {
            "build": [
              {
                "auth_config": [],
                "build_args": null,
                "build_id": "",
                "build_log_file": "",
                "builder": "",
                "cache_from": [],
                "cgroup_parent": "",
                "context": "C:/Users/USUARIO/Desktop/INFRACODE/LAB02/apps/app3",
                "cpu_period": null,
                "cpu_quota": null,
                "cpu_set_cpus": "",
                "cpu_set_mems": "",
                "cpu_shares": null,
                "dockerfile": "Dockerfile",
                "extra_hosts": [],
                "force_remove": null,
                "isolation": "",
                "label": null,
                "labels": null,
                "memory": null,
                "memory_swap": null,
                "network_mode": "",
                "no_cache": null,
                "platform": "",
                "pull_parent": null,
                "remote_context": "",
                "remove": true,
                "secrets": [],
                "security_opt": [],
                "session_id": "",
                "shm_size": null,
                "squash": null,
                "suppress_output": null,
                "tag": [],
                "target": "",
                "ulimit": [],
                "version": ""
              }
            ],
            "force_remove": null,
            "id": "sha256:a93a9fa4fc4c3deb9b8597683beef4ca0d2f09bb205017fb0944a2f132db2133app3-dev",
            "image_id": "sha256:a93a9fa4fc4c3deb9b8597683beef4ca0d2f09bb205017fb0944a2f132db2133",
            "keep_locally": null,
            "name": "app3-dev",
            "platform": null,
            "pull_triggers": null,
            "repo_digest": "app3-dev@sha256:a93a9fa4fc4c3deb9b8597683beef4ca0d2f09bb205017fb0944a2f132db2133",
            "timeouts": null,
            "triggers": null
          },
          "sensitive_attributes": [],
          "identity_schema_version": 0,
          "private": "eyJlMmJmYjczMC1lY2FhLTExZTYtOGY4OC0zNDM2M2JjN2M0YzAiOnsiY3JlYXRlIjoxMjAwMDAwMDAwMDAwLCJkZWxldGUiOjEyMDAwMDAwMDAwMDAsInVwZGF0ZSI6MTIwMDAwMDAwMDAwMH19"
        }
      ]
    },
    {
      "mode": "managed",
      "type": "docker_network",
      "name": "app_net",
      "provider": "provider[\"registry.terraform.io/kreuzwerker/docker\"]",
      "instances": [
        {
          "schema_version": 1,
          "attributes": {
            "attachable": false,
            "check_duplicate": null,
            "driver": "bridge",
            "id": "d99874a1d38d31af5fda070e2665d8e00c8d06550c9e9878f0ba58d81e9529ac",
            "ingress": false,
            "internal": false,
            "ipam_config": [
              {
                "aux_address": {},
                "gateway": "172.19.0.1",
                "ip_range": "",
                "subnet": "172.19.0.0/16"
              }
            ],
            "ipam_driver": "default",
            "ipam_options": null,
            "ipv6": false,
            "labels": [],
            "name": "app_net",
            "options": {
              "com.docker.network.enable_ipv4": "true",
              "com.docker.network.enable_ipv6": "false"
            },
            "scope": "local"
          },
          "sensitive_attributes": [],
          "identity_schema_version": 0,
          "private": "eyJzY2hlbWFfdmVyc2lvbiI6IjEifQ=="
        }
      ]
    },
    {
      "mode": "managed",
      "type": "docker_network",
      "name": "monitor_net",
      "provider": "provider[\"registry.terraform.io/kreuzwerker/docker\"]",
      "instances": [
        {
          "schema_version": 1,
          "attributes": {
            "attachable": false,
            "check_duplicate": null,
            "driver": "bridge",
            "id": "f2ac9c08210c1441cfa2429f2d4e546d782ec3a49a2dab6b0e46ab91524d7bb7",
            "ingress": false,
            "internal": false,
            "ipam_config": [
              {
                "aux_address": {},
                "gateway": "172.21.0.1",
                "ip_range": "",
                "subnet": "172.21.0.0/16"
              }
            ],
            "ipam_driver": "default",
            "ipam_options": null,
            "ipv6": false,
            "labels": [],
            "name": "monitor_net",
            "options": {
              "com.docker.network.enable_ipv4": "true",
              "com.docker.network.enable_ipv6": "false"
            },
            "scope": "local"
          },
          "sensitive_attributes": [],
          "identity_schema_version": 0,
          "private": "eyJzY2hlbWFfdmVyc2lvbiI6IjEifQ=="
        }
      ]
    },
    {
      "mode": "managed",
      "type": "docker_network",
      "name": "persistence_net",
      "provider": "provider[\"registry.terraform.io/kreuzwerker/docker\"]",
      "instances": [
        {
          "schema_version": 1,
          "attributes": {
            "attachable": false,
            "check_duplicate": null,
            "driver": "bridge",
            "id": "f612ce7c5fc0100339e41d52032773d20c8363b397bffcaf8159d5195815fcb3",
            "ingress": false,
            "internal": false,
            "ipam_config": [
              {
                "aux_address": {},
                "gateway": "172.20.0.1",
                "ip_range": "",
                "subnet": "172.20.0.0/16"
              }
            ],
            "ipam_driver": "default",
            "ipam_options": null,
            "ipv6": false,
            "labels": [],
            "name": "persistence_net",
            "options": {
              "com.docker.network.enable_ipv4": "true",
              "com.docker.network.enable_ipv6": "false"
            },
            "scope": "local"
          },
          "sensitive_attributes": [],
          "identity_schema_version": 0,
          "private": "eyJzY2hlbWFfdmVyc2lvbiI6IjEifQ=="
        }
      ]
    },
    {
      "mode": "managed",
      "type": "docker_volume",
      "name": "pg_data",
      "provider": "provider[\"registry.terraform.io/kreuzwerker/docker\"]",
      "instances": [
        {
          "schema_version": 1,
          "attributes": {
            "driver": "local",
            "driver_opts": null,
            "id": "pg_data_dev",
            "labels": [],
            "mountpoint": "/var/lib/docker/volumes/pg_data_dev/_data",
            "name": "pg_data_dev"
          },
          "sensitive_attributes": [],
          "identity_schema_version": 0,
          "private": "eyJzY2hlbWFfdmVyc2lvbiI6IjEifQ=="
        }
      ]
    },
    {
      "mode": "managed",
      "type": "docker_volume",
      "name": "redis_data",
      "provider": "provider[\"registry.terraform.io/kreuzwerker/docker\"]",
      "instances": [
        {
          "schema_version": 1,
          "attributes": {
            "driver": "local",
            "driver_opts": null,
            "id": "redis_data_dev",
            "labels": [],
            "mountpoint": "/var/lib/docker/volumes/redis_data_dev/_data",
            "name": "redis_data_dev"
          },
          "sensitive_attributes": [],
          "identity_schema_version": 0,
          "private": "eyJzY2hlbWFfdmVyc2lvbiI6IjEifQ=="
        }
      ]
    }
  ],
  "check_results": null
}
